// !$*UTF8*$!
{
	archiveVersion = 1;
	classes = {
	};
	objectVersion = 77;
	objects = {

/* Begin PBXBuildFile section */
		2D33BBACDF2314391BC6B30A /* ProfileController.swift in Sources */ = {isa = PBXBuildFile; fileRef = E6EB62C965D21935136A741F /* ProfileController.swift */; };
		480C2A18590A43EDF5071B75 /* CoastStore.swift in Sources */ = {isa = PBXBuildFile; fileRef = F3BE46D2AEEBA347131A3685 /* CoastStore.swift */; };
		49A12E2F85CC4E4F1CD2EE30 /* ExploreController.swift in Sources */ = {isa = PBXBuildFile; fileRef = 08986A7911CC6DD0EEE621B8 /* ExploreController.swift */; };
		50F74866C98388FFFC5ECF6A /* Models.swift in Sources */ = {isa = PBXBuildFile; fileRef = 795A71A1A46E7CCC8D44E8D2 /* Models.swift */; };
		56149FC10278C2BA3FADA9C8 /* Pods_CoastWild.framework in Frameworks */ = {isa = PBXBuildFile; fileRef = 553CC2FBC2016851AA5BBB99 /* Pods_CoastWild.framework */; };
		57CD7DFBFAE7C7BE63ADE33E /* Catalog.swift in Sources */ = {isa = PBXBuildFile; fileRef = 5B3791E637CBBBDC8A7444AF /* Catalog.swift */; };
		6C8D337C48F154EA6913D047 /* AppDelegate.swift in Sources */ = {isa = PBXBuildFile; fileRef = 485F869631CBAECE9314BEC9 /* AppDelegate.swift */; };
		72DD80024C5ACA14C33FF977 /* Components.swift in Sources */ = {isa = PBXBuildFile; fileRef = 1F78DC17F81D11034765F363 /* Components.swift */; };
		79BDAABD6BE5D2FBF8DEC9AE /* CoastWildUITests.swift in Sources */ = {isa = PBXBuildFile; fileRef = 292ABC00FF4DD149879459A7 /* CoastWildUITests.swift */; };
		81B4CA3BBBD35618880E523A /* JournalController.swift in Sources */ = {isa = PBXBuildFile; fileRef = 1179FA5CFC38177E012252F6 /* JournalController.swift */; };
		876DC50021B957368701584F /* catalog.json in Resources */ = {isa = PBXBuildFile; fileRef = 0F2F3E9A846BABCF9764B610 /* catalog.json */; };
		A4A39E37AAFAB82258F080A3 /* DatePicker.swift in Sources */ = {isa = PBXBuildFile; fileRef = 7AD638F0576AF73849AF2E11 /* DatePicker.swift */; };
		B05EE039147F62EC29140908 /* LearnController.swift in Sources */ = {isa = PBXBuildFile; fileRef = 59A7D6614AF616C1E93F4B3F /* LearnController.swift */; };
		CB0215DEEB2CB9092FC0B559 /* AccountVault.swift in Sources */ = {isa = PBXBuildFile; fileRef = 383D24E3AFDDFF193BCAB646 /* AccountVault.swift */; };
		E01DD84BA4B0115B1B3AEC31 /* InfoPlist.strings in Resources */ = {isa = PBXBuildFile; fileRef = A50D1A4A5832D613BFD1FF4D /* InfoPlist.strings */; };
		E140F808A95E93C6214E903A /* Assets.xcassets in Resources */ = {isa = PBXBuildFile; fileRef = 4EB8B4CC2C62F576BDB2006E /* Assets.xcassets */; };
		E5A09F29E97B377D49EF6AFB /* Pods_CoastWildUITests.framework in Frameworks */ = {isa = PBXBuildFile; fileRef = DF4F790A9FE01377657D9260 /* Pods_CoastWildUITests.framework */; };
		F05F474ABA0DB1B14EC6214B /* TripsController.swift in Sources */ = {isa = PBXBuildFile; fileRef = 0F3261745E313674211D3095 /* TripsController.swift */; };
		F84B19E040B32240933651E8 /* AuthController.swift in Sources */ = {isa = PBXBuildFile; fileRef = 775930C3DD272B9ED62F1962 /* AuthController.swift */; };
/* End PBXBuildFile section */

/* Begin PBXContainerItemProxy section */
		4AE57813976EA3A7A44BB0F7 /* PBXContainerItemProxy */ = {
			isa = PBXContainerItemProxy;
			containerPortal = 32EEB6FB1EDD19938E29B94D /* Project object */;
			proxyType = 1;
			remoteGlobalIDString = A2F1340AEEE40B1D76972DB1;
			remoteInfo = CoastWild;
		};
/* End PBXContainerItemProxy section */

/* Begin PBXFileReference section */
		08986A7911CC6DD0EEE621B8 /* ExploreController.swift */ = {isa = PBXFileReference; lastKnownFileType = sourcecode.swift; path = ExploreController.swift; sourceTree = "<group>"; };
		0CB7556909418298BF833F9C /* en */ = {isa = PBXFileReference; lastKnownFileType = text.plist.strings; name = en; path = en.lproj/InfoPlist.strings; sourceTree = "<group>"; };
		0F2F3E9A846BABCF9764B610 /* catalog.json */ = {isa = PBXFileReference; lastKnownFileType = text.json; path = catalog.json; sourceTree = "<group>"; };
		0F3261745E313674211D3095 /* TripsController.swift */ = {isa = PBXFileReference; lastKnownFileType = sourcecode.swift; path = TripsController.swift; sourceTree = "<group>"; };
		1179FA5CFC38177E012252F6 /* JournalController.swift */ = {isa = PBXFileReference; lastKnownFileType = sourcecode.swift; path = JournalController.swift; sourceTree = "<group>"; };
		1F78DC17F81D11034765F363 /* Components.swift */ = {isa = PBXFileReference; lastKnownFileType = sourcecode.swift; path = Components.swift; sourceTree = "<group>"; };
		292ABC00FF4DD149879459A7 /* CoastWildUITests.swift */ = {isa = PBXFileReference; lastKnownFileType = sourcecode.swift; path = CoastWildUITests.swift; sourceTree = "<group>"; };
		383D24E3AFDDFF193BCAB646 /* AccountVault.swift */ = {isa = PBXFileReference; lastKnownFileType = sourcecode.swift; path = AccountVault.swift; sourceTree = "<group>"; };
		485F869631CBAECE9314BEC9 /* AppDelegate.swift */ = {isa = PBXFileReference; lastKnownFileType = sourcecode.swift; path = AppDelegate.swift; sourceTree = "<group>"; };
		4EB8B4CC2C62F576BDB2006E /* Assets.xcassets */ = {isa = PBXFileReference; lastKnownFileType = folder.assetcatalog; path = Assets.xcassets; sourceTree = "<group>"; };
		52979BDC6A8FE1CC9E9D69B7 /* Pods-CoastWildUITests.debug.xcconfig */ = {isa = PBXFileReference; includeInIndex = 1; lastKnownFileType = text.xcconfig; name = "Pods-CoastWildUITests.debug.xcconfig"; path = "Target Support Files/Pods-CoastWildUITests/Pods-CoastWildUITests.debug.xcconfig"; sourceTree = "<group>"; };
		553CC2FBC2016851AA5BBB99 /* Pods_CoastWild.framework */ = {isa = PBXFileReference; explicitFileType = wrapper.framework; includeInIndex = 0; path = Pods_CoastWild.framework; sourceTree = BUILT_PRODUCTS_DIR; };
		59A7D6614AF616C1E93F4B3F /* LearnController.swift */ = {isa = PBXFileReference; lastKnownFileType = sourcecode.swift; path = LearnController.swift; sourceTree = "<group>"; };
		5B3791E637CBBBDC8A7444AF /* Catalog.swift */ = {isa = PBXFileReference; lastKnownFileType = sourcecode.swift; path = Catalog.swift; sourceTree = "<group>"; };
		62D174E4DF808B4E42119DC8 /* Pods-CoastWild.debug.xcconfig */ = {isa = PBXFileReference; includeInIndex = 1; lastKnownFileType = text.xcconfig; name = "Pods-CoastWild.debug.xcconfig"; path = "Target Support Files/Pods-CoastWild/Pods-CoastWild.debug.xcconfig"; sourceTree = "<group>"; };
		775930C3DD272B9ED62F1962 /* AuthController.swift */ = {isa = PBXFileReference; lastKnownFileType = sourcecode.swift; path = AuthController.swift; sourceTree = "<group>"; };
		79197978EB3560204338E340 /* CoastWildUITests.xctest */ = {isa = PBXFileReference; includeInIndex = 0; lastKnownFileType = wrapper.cfbundle; path = CoastWildUITests.xctest; sourceTree = BUILT_PRODUCTS_DIR; };
		795A71A1A46E7CCC8D44E8D2 /* Models.swift */ = {isa = PBXFileReference; lastKnownFileType = sourcecode.swift; path = Models.swift; sourceTree = "<group>"; };
		7AD638F0576AF73849AF2E11 /* DatePicker.swift */ = {isa = PBXFileReference; lastKnownFileType = sourcecode.swift; path = DatePicker.swift; sourceTree = "<group>"; };
		B7E7DB35A617F2EE96B55C4C /* Pods-CoastWildUITests.release.xcconfig */ = {isa = PBXFileReference; includeInIndex = 1; lastKnownFileType = text.xcconfig; name = "Pods-CoastWildUITests.release.xcconfig"; path = "Target Support Files/Pods-CoastWildUITests/Pods-CoastWildUITests.release.xcconfig"; sourceTree = "<group>"; };
		BEFB3ED087C575AA0971CC5E /* zh-Hans */ = {isa = PBXFileReference; lastKnownFileType = text.plist.strings; name = "zh-Hans"; path = "zh-Hans.lproj/InfoPlist.strings"; sourceTree = "<group>"; };
		DF4F790A9FE01377657D9260 /* Pods_CoastWildUITests.framework */ = {isa = PBXFileReference; explicitFileType = wrapper.framework; includeInIndex = 0; path = Pods_CoastWildUITests.framework; sourceTree = BUILT_PRODUCTS_DIR; };
		E6EB62C965D21935136A741F /* ProfileController.swift */ = {isa = PBXFileReference; lastKnownFileType = sourcecode.swift; path = ProfileController.swift; sourceTree = "<group>"; };
		E79BE478B0FA5201A06B3032 /* CoastWild.app */ = {isa = PBXFileReference; includeInIndex = 0; lastKnownFileType = wrapper.application; path = CoastWild.app; sourceTree = BUILT_PRODUCTS_DIR; };
		ED6921B567CBE56C863222B3 /* Pods-CoastWild.release.xcconfig */ = {isa = PBXFileReference; includeInIndex = 1; lastKnownFileType = text.xcconfig; name = "Pods-CoastWild.release.xcconfig"; path = "Target Support Files/Pods-CoastWild/Pods-CoastWild.release.xcconfig"; sourceTree = "<group>"; };
		F3BE46D2AEEBA347131A3685 /* CoastStore.swift */ = {isa = PBXFileReference; lastKnownFileType = sourcecode.swift; path = CoastStore.swift; sourceTree = "<group>"; };
/* End PBXFileReference section */

/* Begin PBXFrameworksBuildPhase section */
		45822758696898823DB54ED8 /* Frameworks */ = {
			isa = PBXFrameworksBuildPhase;
			buildActionMask = 2147483647;
			files = (
				E5A09F29E97B377D49EF6AFB /* Pods_CoastWildUITests.framework in Frameworks */,
			);
			runOnlyForDeploymentPostprocessing = 0;
		};
		FCE3335752A14B0A68D03949 /* Frameworks */ = {
			isa = PBXFrameworksBuildPhase;
			buildActionMask = 2147483647;
			files = (
				56149FC10278C2BA3FADA9C8 /* Pods_CoastWild.framework in Frameworks */,
			);
			runOnlyForDeploymentPostprocessing = 0;
		};
/* End PBXFrameworksBuildPhase section */

/* Begin PBXGroup section */
		027199E5B54F1224353914F9 /* Frameworks */ = {
			isa = PBXGroup;
			children = (
				553CC2FBC2016851AA5BBB99 /* Pods_CoastWild.framework */,
				DF4F790A9FE01377657D9260 /* Pods_CoastWildUITests.framework */,
			);
			name = Frameworks;
			sourceTree = "<group>";
		};
		0482C4AA73FC716D4740AE4C /* UITests */ = {
			isa = PBXGroup;
			children = (
				292ABC00FF4DD149879459A7 /* CoastWildUITests.swift */,
			);
			path = UITests;
			sourceTree = "<group>";
		};
		13FBF055F953EEDDF3AA40A5 = {
			isa = PBXGroup;
			children = (
				D275A6E70F5EDC3422698450 /* CoastWild */,
				0482C4AA73FC716D4740AE4C /* UITests */,
				DEBF844330A7E4350B3420E2 /* Products */,
				2F58ED4F96AC64AB317E9282 /* Pods */,
				027199E5B54F1224353914F9 /* Frameworks */,
			);
			sourceTree = "<group>";
		};
		2F58ED4F96AC64AB317E9282 /* Pods */ = {
			isa = PBXGroup;
			children = (
				62D174E4DF808B4E42119DC8 /* Pods-CoastWild.debug.xcconfig */,
				ED6921B567CBE56C863222B3 /* Pods-CoastWild.release.xcconfig */,
				52979BDC6A8FE1CC9E9D69B7 /* Pods-CoastWildUITests.debug.xcconfig */,
				B7E7DB35A617F2EE96B55C4C /* Pods-CoastWildUITests.release.xcconfig */,
			);
			name = Pods;
			path = Pods;
			sourceTree = "<group>";
		};
		3026201C1304E33774D6718F /* Resources */ = {
			isa = PBXGroup;
			children = (
				4EB8B4CC2C62F576BDB2006E /* Assets.xcassets */,
				0F2F3E9A846BABCF9764B610 /* catalog.json */,
				A50D1A4A5832D613BFD1FF4D /* InfoPlist.strings */,
			);
			path = Resources;
			sourceTree = "<group>";
		};
		D275A6E70F5EDC3422698450 /* CoastWild */ = {
			isa = PBXGroup;
			children = (
				F0E9CB4E3579BC5988638482 /* App */,
				E24F8E369CD70578A96F0D0F /* Core */,
				3026201C1304E33774D6718F /* Resources */,
				F65236A1B2E3D740B0EE4B7A /* UI */,
			);
			path = CoastWild;
			sourceTree = "<group>";
		};
		DEBF844330A7E4350B3420E2 /* Products */ = {
			isa = PBXGroup;
			children = (
				E79BE478B0FA5201A06B3032 /* CoastWild.app */,
				79197978EB3560204338E340 /* CoastWildUITests.xctest */,
			);
			name = Products;
			sourceTree = "<group>";
		};
		E24F8E369CD70578A96F0D0F /* Core */ = {
			isa = PBXGroup;
			children = (
				F3BE46D2AEEBA347131A3685 /* CoastStore.swift */,
				795A71A1A46E7CCC8D44E8D2 /* Models.swift */,
			);
			path = Core;
			sourceTree = "<group>";
		};
		F0E9CB4E3579BC5988638482 /* App */ = {
			isa = PBXGroup;
			children = (
				383D24E3AFDDFF193BCAB646 /* AccountVault.swift */,
				485F869631CBAECE9314BEC9 /* AppDelegate.swift */,
				5B3791E637CBBBDC8A7444AF /* Catalog.swift */,
			);
			path = App;
			sourceTree = "<group>";
		};
		F65236A1B2E3D740B0EE4B7A /* UI */ = {
			isa = PBXGroup;
			children = (
				775930C3DD272B9ED62F1962 /* AuthController.swift */,
				1F78DC17F81D11034765F363 /* Components.swift */,
				7AD638F0576AF73849AF2E11 /* DatePicker.swift */,
				08986A7911CC6DD0EEE621B8 /* ExploreController.swift */,
				1179FA5CFC38177E012252F6 /* JournalController.swift */,
				59A7D6614AF616C1E93F4B3F /* LearnController.swift */,
				E6EB62C965D21935136A741F /* ProfileController.swift */,
				0F3261745E313674211D3095 /* TripsController.swift */,
			);
			path = UI;
			sourceTree = "<group>";
		};
/* End PBXGroup section */

/* Begin PBXNativeTarget section */
		04DAC362825FC69F4D9EF826 /* CoastWildUITests */ = {
			isa = PBXNativeTarget;
			buildConfigurationList = 04FCE0277086FA7B90551BDB /* Build configuration list for PBXNativeTarget "CoastWildUITests" */;
			buildPhases = (
				1D46311A5DCCC95CC16B62DB /* [CP] Check Pods Manifest.lock */,
				4DBCAC8D71A5BA89B61CA61D /* Sources */,
				45822758696898823DB54ED8 /* Frameworks */,
			);
			buildRules = (
			);
			dependencies = (
				90ABCAB61B57F70B03A8ED27 /* PBXTargetDependency */,
			);
			name = CoastWildUITests;
			productName = CoastWildUITests;
			productReference = 79197978EB3560204338E340 /* CoastWildUITests.xctest */;
			productType = "com.apple.product-type.bundle.ui-testing";
		};
		A2F1340AEEE40B1D76972DB1 /* CoastWild */ = {
			isa = PBXNativeTarget;
			buildConfigurationList = 55CA575BFF59601957964689 /* Build configuration list for PBXNativeTarget "CoastWild" */;
			buildPhases = (
				E886237EDAE4D9D6344EEA63 /* [CP] Check Pods Manifest.lock */,
				9717F01F31C77AA2DDA1588A /* Sources */,
				906A5A87CC4CB62F3DDE7152 /* Resources */,
				FCE3335752A14B0A68D03949 /* Frameworks */,
				7E5E812C72EE6A964F883B92 /* [CP] Copy Pods Resources */,
			);
			buildRules = (
			);
			dependencies = (
			);
			name = CoastWild;
			productName = CoastWild;
			productReference = E79BE478B0FA5201A06B3032 /* CoastWild.app */;
			productType = "com.apple.product-type.application";
		};
/* End PBXNativeTarget section */

/* Begin PBXProject section */
		32EEB6FB1EDD19938E29B94D /* Project object */ = {
			isa = PBXProject;
			attributes = {
				BuildIndependentTargetsInParallel = YES;
				LastUpgradeCheck = 1430;
				TargetAttributes = {
					04DAC362825FC69F4D9EF826 = {
						DevelopmentTeam = "";
						ProvisioningStyle = Automatic;
						TestTargetID = A2F1340AEEE40B1D76972DB1;
					};
					A2F1340AEEE40B1D76972DB1 = {
						DevelopmentTeam = "";
						ProvisioningStyle = Automatic;
					};
				};
			};
			buildConfigurationList = 867CC2B48D60F3D55294D7A4 /* Build configuration list for PBXProject "CoastWild" */;
			developmentRegion = en;
			hasScannedForEncodings = 0;
			knownRegions = (
				Base,
				en,
				"zh-Hans",
			);
			mainGroup = 13FBF055F953EEDDF3AA40A5;
			minimizedProjectReferenceProxies = 1;
			preferredProjectObjectVersion = 77;
			productRefGroup = DEBF844330A7E4350B3420E2 /* Products */;
			projectDirPath = "";
			projectRoot = "";
			targets = (
				A2F1340AEEE40B1D76972DB1 /* CoastWild */,
				04DAC362825FC69F4D9EF826 /* CoastWildUITests */,
			);
		};
/* End PBXProject section */

/* Begin PBXResourcesBuildPhase section */
		906A5A87CC4CB62F3DDE7152 /* Resources */ = {
			isa = PBXResourcesBuildPhase;
			buildActionMask = 2147483647;
			files = (
				E140F808A95E93C6214E903A /* Assets.xcassets in Resources */,
				E01DD84BA4B0115B1B3AEC31 /* InfoPlist.strings in Resources */,
				876DC50021B957368701584F /* catalog.json in Resources */,
			);
			runOnlyForDeploymentPostprocessing = 0;
		};
/* End PBXResourcesBuildPhase section */

/* Begin PBXShellScriptBuildPhase section */
		1D46311A5DCCC95CC16B62DB /* [CP] Check Pods Manifest.lock */ = {
			isa = PBXShellScriptBuildPhase;
			buildActionMask = 2147483647;
			files = (
			);
			inputFileListPaths = (
			);
			inputPaths = (
				"${PODS_PODFILE_DIR_PATH}/Podfile.lock",
				"${PODS_ROOT}/Manifest.lock",
			);
			name = "[CP] Check Pods Manifest.lock";
			outputFileListPaths = (
			);
			outputPaths = (
				"$(DERIVED_FILE_DIR)/Pods-CoastWildUITests-checkManifestLockResult.txt",
			);
			runOnlyForDeploymentPostprocessing = 0;
			shellPath = /bin/sh;
			shellScript = "diff \"${PODS_PODFILE_DIR_PATH}/Podfile.lock\" \"${PODS_ROOT}/Manifest.lock\" > /dev/null\nif [ $? != 0 ] ; then\n    # print error to STDERR\n    echo \"error: The sandbox is not in sync with the Podfile.lock. Run 'pod install' or update your CocoaPods installation.\" >&2\n    exit 1\nfi\n# This output is used by Xcode 'outputs' to avoid re-running this script phase.\necho \"SUCCESS\" > \"${SCRIPT_OUTPUT_FILE_0}\"\n";
			showEnvVarsInLog = 0;
		};
		7E5E812C72EE6A964F883B92 /* [CP] Copy Pods Resources */ = {
			isa = PBXShellScriptBuildPhase;
			buildActionMask = 2147483647;
			files = (
			);
			inputFileListPaths = (
				"${PODS_ROOT}/Target Support Files/Pods-CoastWild/Pods-CoastWild-resources-${CONFIGURATION}-input-files.xcfilelist",
			);
			name = "[CP] Copy Pods Resources";
			outputFileListPaths = (
				"${PODS_ROOT}/Target Support Files/Pods-CoastWild/Pods-CoastWild-resources-${CONFIGURATION}-output-files.xcfilelist",
			);
			runOnlyForDeploymentPostprocessing = 0;
			shellPath = /bin/sh;
			shellScript = "\"${PODS_ROOT}/Target Support Files/Pods-CoastWild/Pods-CoastWild-resources.sh\"\n";
			showEnvVarsInLog = 0;
		};
		E886237EDAE4D9D6344EEA63 /* [CP] Check Pods Manifest.lock */ = {
			isa = PBXShellScriptBuildPhase;
			buildActionMask = 2147483647;
			files = (
			);
			inputFileListPaths = (
			);
			inputPaths = (
				"${PODS_PODFILE_DIR_PATH}/Podfile.lock",
				"${PODS_ROOT}/Manifest.lock",
			);
			name = "[CP] Check Pods Manifest.lock";
			outputFileListPaths = (
			);
			outputPaths = (
				"$(DERIVED_FILE_DIR)/Pods-CoastWild-checkManifestLockResult.txt",
			);
			runOnlyForDeploymentPostprocessing = 0;
			shellPath = /bin/sh;
			shellScript = "diff \"${PODS_PODFILE_DIR_PATH}/Podfile.lock\" \"${PODS_ROOT}/Manifest.lock\" > /dev/null\nif [ $? != 0 ] ; then\n    # print error to STDERR\n    echo \"error: The sandbox is not in sync with the Podfile.lock. Run 'pod install' or update your CocoaPods installation.\" >&2\n    exit 1\nfi\n# This output is used by Xcode 'outputs' to avoid re-running this script phase.\necho \"SUCCESS\" > \"${SCRIPT_OUTPUT_FILE_0}\"\n";
			showEnvVarsInLog = 0;
		};
/* End PBXShellScriptBuildPhase section */

/* Begin PBXSourcesBuildPhase section */
		4DBCAC8D71A5BA89B61CA61D /* Sources */ = {
			isa = PBXSourcesBuildPhase;
			buildActionMask = 2147483647;
			files = (
				79BDAABD6BE5D2FBF8DEC9AE /* CoastWildUITests.swift in Sources */,
			);
			runOnlyForDeploymentPostprocessing = 0;
		};
		9717F01F31C77AA2DDA1588A /* Sources */ = {
			isa = PBXSourcesBuildPhase;
			buildActionMask = 2147483647;
			files = (
				CB0215DEEB2CB9092FC0B559 /* AccountVault.swift in Sources */,
				6C8D337C48F154EA6913D047 /* AppDelegate.swift in Sources */,
				F84B19E040B32240933651E8 /* AuthController.swift in Sources */,
				57CD7DFBFAE7C7BE63ADE33E /* Catalog.swift in Sources */,
				480C2A18590A43EDF5071B75 /* CoastStore.swift in Sources */,
				72DD80024C5ACA14C33FF977 /* Components.swift in Sources */,
				A4A39E37AAFAB82258F080A3 /* DatePicker.swift in Sources */,
				49A12E2F85CC4E4F1CD2EE30 /* ExploreController.swift in Sources */,
				81B4CA3BBBD35618880E523A /* JournalController.swift in Sources */,
				B05EE039147F62EC29140908 /* LearnController.swift in Sources */,
				50F74866C98388FFFC5ECF6A /* Models.swift in Sources */,
				2D33BBACDF2314391BC6B30A /* ProfileController.swift in Sources */,
				F05F474ABA0DB1B14EC6214B /* TripsController.swift in Sources */,
			);
			runOnlyForDeploymentPostprocessing = 0;
		};
/* End PBXSourcesBuildPhase section */

/* Begin PBXTargetDependency section */
		90ABCAB61B57F70B03A8ED27 /* PBXTargetDependency */ = {
			isa = PBXTargetDependency;
			target = A2F1340AEEE40B1D76972DB1 /* CoastWild */;
			targetProxy = 4AE57813976EA3A7A44BB0F7 /* PBXContainerItemProxy */;
		};
/* End PBXTargetDependency section */

/* Begin PBXVariantGroup section */
		A50D1A4A5832D613BFD1FF4D /* InfoPlist.strings */ = {
			isa = PBXVariantGroup;
			children = (
				0CB7556909418298BF833F9C /* en */,
				BEFB3ED087C575AA0971CC5E /* zh-Hans */,
			);
			name = InfoPlist.strings;
			sourceTree = "<group>";
		};
/* End PBXVariantGroup section */

/* Begin XCBuildConfiguration section */
		20F47DEC2FA3AE30B15D3AC8 /* Debug */ = {
			isa = XCBuildConfiguration;
			baseConfigurationReference = 62D174E4DF808B4E42119DC8 /* Pods-CoastWild.debug.xcconfig */;
			buildSettings = {
				ASSETCATALOG_COMPILER_APPICON_NAME = AppIcon;
				CODE_SIGN_IDENTITY = "iPhone Developer";
				CURRENT_PROJECT_VERSION = 1;
				GENERATE_INFOPLIST_FILE = YES;
				INFOPLIST_KEY_CFBundleDisplayName = "Coast & Wild";
				INFOPLIST_KEY_ITSAppUsesNonExemptEncryption = NO;
				INFOPLIST_KEY_NSPhotoLibraryAddUsageDescription = "Save the journal photos you choose to your photo library.";
				INFOPLIST_KEY_UIApplicationSceneManifest_Generation = NO;
				INFOPLIST_KEY_UILaunchScreen_Generation = YES;
				INFOPLIST_KEY_UISupportedInterfaceOrientations = UIInterfaceOrientationPortrait;
				INFOPLIST_KEY_UIUserInterfaceStyle = Light;
				LD_RUNPATH_SEARCH_PATHS = (
					"$(inherited)",
					"@executable_path/Frameworks",
				);
				MARKETING_VERSION = 1.0.0;
				PRODUCT_BUNDLE_IDENTIFIER = com.coastwild.native;
				SDKROOT = iphoneos;
				TARGETED_DEVICE_FAMILY = 1;
			};
			name = Debug;
		};
		26964D580D1C9B99229D5FA0 /* Release */ = {
			isa = XCBuildConfiguration;
			buildSettings = {
				ALWAYS_SEARCH_USER_PATHS = NO;
				CLANG_ANALYZER_NONNULL = YES;
				CLANG_ANALYZER_NUMBER_OBJECT_CONVERSION = YES_AGGRESSIVE;
				CLANG_CXX_LANGUAGE_STANDARD = "gnu++14";
				CLANG_CXX_LIBRARY = "libc++";
				CLANG_ENABLE_MODULES = YES;
				CLANG_ENABLE_OBJC_ARC = YES;
				CLANG_ENABLE_OBJC_WEAK = YES;
				CLANG_WARN_BLOCK_CAPTURE_AUTORELEASING = YES;
				CLANG_WARN_BOOL_CONVERSION = YES;
				CLANG_WARN_COMMA = YES;
				CLANG_WARN_CONSTANT_CONVERSION = YES;
				CLANG_WARN_DEPRECATED_OBJC_IMPLEMENTATIONS = YES;
				CLANG_WARN_DIRECT_OBJC_ISA_USAGE = YES_ERROR;
				CLANG_WARN_DOCUMENTATION_COMMENTS = YES;
				CLANG_WARN_EMPTY_BODY = YES;
				CLANG_WARN_ENUM_CONVERSION = YES;
				CLANG_WARN_INFINITE_RECURSION = YES;
				CLANG_WARN_INT_CONVERSION = YES;
				CLANG_WARN_NON_LITERAL_NULL_CONVERSION = YES;
				CLANG_WARN_OBJC_IMPLICIT_RETAIN_SELF = YES;
				CLANG_WARN_OBJC_LITERAL_CONVERSION = YES;
				CLANG_WARN_OBJC_ROOT_CLASS = YES_ERROR;
				CLANG_WARN_QUOTED_INCLUDE_IN_FRAMEWORK_HEADER = YES;
				CLANG_WARN_RANGE_LOOP_ANALYSIS = YES;
				CLANG_WARN_STRICT_PROTOTYPES = YES;
				CLANG_WARN_SUSPICIOUS_MOVE = YES;
				CLANG_WARN_UNGUARDED_AVAILABILITY = YES_AGGRESSIVE;
				CLANG_WARN_UNREACHABLE_CODE = YES;
				CLANG_WARN__DUPLICATE_METHOD_MATCH = YES;
				CODE_SIGN_STYLE = Automatic;
				COPY_PHASE_STRIP = NO;
				DEBUG_INFORMATION_FORMAT = "dwarf-with-dsym";
				DEVELOPMENT_TEAM = "";
				ENABLE_NS_ASSERTIONS = NO;
				ENABLE_STRICT_OBJC_MSGSEND = YES;
				GCC_C_LANGUAGE_STANDARD = gnu11;
				GCC_NO_COMMON_BLOCKS = YES;
				GCC_WARN_64_TO_32_BIT_CONVERSION = YES;
				GCC_WARN_ABOUT_RETURN_TYPE = YES_ERROR;
				GCC_WARN_UNDECLARED_SELECTOR = YES;
				GCC_WARN_UNINITIALIZED_AUTOS = YES_AGGRESSIVE;
				GCC_WARN_UNUSED_FUNCTION = YES;
				GCC_WARN_UNUSED_VARIABLE = YES;
				IPHONEOS_DEPLOYMENT_TARGET = 17.0;
				MTL_ENABLE_DEBUG_INFO = NO;
				MTL_FAST_MATH = YES;
				PRODUCT_NAME = "$(TARGET_NAME)";
				SDKROOT = iphoneos;
				SWIFT_COMPILATION_MODE = wholemodule;
				SWIFT_OPTIMIZATION_LEVEL = "-O";
				SWIFT_VERSION = 5.0;
				TARGETED_DEVICE_FAMILY = 1;
			};
			name = Release;
		};
		567254AA8F379642F9583537 /* Release */ = {
			isa = XCBuildConfiguration;
			baseConfigurationReference = ED6921B567CBE56C863222B3 /* Pods-CoastWild.release.xcconfig */;
			buildSettings = {
				ASSETCATALOG_COMPILER_APPICON_NAME = AppIcon;
				CODE_SIGN_IDENTITY = "iPhone Developer";
				CURRENT_PROJECT_VERSION = 1;
				GENERATE_INFOPLIST_FILE = YES;
				INFOPLIST_KEY_CFBundleDisplayName = "Coast & Wild";
				INFOPLIST_KEY_ITSAppUsesNonExemptEncryption = NO;
				INFOPLIST_KEY_NSPhotoLibraryAddUsageDescription = "Save the journal photos you choose to your photo library.";
				INFOPLIST_KEY_UIApplicationSceneManifest_Generation = NO;
				INFOPLIST_KEY_UILaunchScreen_Generation = YES;
				INFOPLIST_KEY_UISupportedInterfaceOrientations = UIInterfaceOrientationPortrait;
				INFOPLIST_KEY_UIUserInterfaceStyle = Light;
				LD_RUNPATH_SEARCH_PATHS = (
					"$(inherited)",
					"@executable_path/Frameworks",
				);
				MARKETING_VERSION = 1.0.0;
				PRODUCT_BUNDLE_IDENTIFIER = com.coastwild.native;
				SDKROOT = iphoneos;
				TARGETED_DEVICE_FAMILY = 1;
			};
			name = Release;
		};
		7165087B596D1BC129C882DE /* Debug */ = {
			isa = XCBuildConfiguration;
			buildSettings = {
				ALWAYS_SEARCH_USER_PATHS = NO;
				CLANG_ANALYZER_NONNULL = YES;
				CLANG_ANALYZER_NUMBER_OBJECT_CONVERSION = YES_AGGRESSIVE;
				CLANG_CXX_LANGUAGE_STANDARD = "gnu++14";
				CLANG_CXX_LIBRARY = "libc++";
				CLANG_ENABLE_MODULES = YES;
				CLANG_ENABLE_OBJC_ARC = YES;
				CLANG_ENABLE_OBJC_WEAK = YES;
				CLANG_WARN_BLOCK_CAPTURE_AUTORELEASING = YES;
				CLANG_WARN_BOOL_CONVERSION = YES;
				CLANG_WARN_COMMA = YES;
				CLANG_WARN_CONSTANT_CONVERSION = YES;
				CLANG_WARN_DEPRECATED_OBJC_IMPLEMENTATIONS = YES;
				CLANG_WARN_DIRECT_OBJC_ISA_USAGE = YES_ERROR;
				CLANG_WARN_DOCUMENTATION_COMMENTS = YES;
				CLANG_WARN_EMPTY_BODY = YES;
				CLANG_WARN_ENUM_CONVERSION = YES;
				CLANG_WARN_INFINITE_RECURSION = YES;
				CLANG_WARN_INT_CONVERSION = YES;
				CLANG_WARN_NON_LITERAL_NULL_CONVERSION = YES;
				CLANG_WARN_OBJC_IMPLICIT_RETAIN_SELF = YES;
				CLANG_WARN_OBJC_LITERAL_CONVERSION = YES;
				CLANG_WARN_OBJC_ROOT_CLASS = YES_ERROR;
				CLANG_WARN_QUOTED_INCLUDE_IN_FRAMEWORK_HEADER = YES;
				CLANG_WARN_RANGE_LOOP_ANALYSIS = YES;
				CLANG_WARN_STRICT_PROTOTYPES = YES;
				CLANG_WARN_SUSPICIOUS_MOVE = YES;
				CLANG_WARN_UNGUARDED_AVAILABILITY = YES_AGGRESSIVE;
				CLANG_WARN_UNREACHABLE_CODE = YES;
				CLANG_WARN__DUPLICATE_METHOD_MATCH = YES;
				CODE_SIGN_STYLE = Automatic;
				COPY_PHASE_STRIP = NO;
				DEBUG_INFORMATION_FORMAT = dwarf;
				DEVELOPMENT_TEAM = "";
				ENABLE_STRICT_OBJC_MSGSEND = YES;
				ENABLE_TESTABILITY = YES;
				GCC_C_LANGUAGE_STANDARD = gnu11;
				GCC_DYNAMIC_NO_PIC = NO;
				GCC_NO_COMMON_BLOCKS = YES;
				GCC_OPTIMIZATION_LEVEL = 0;
				GCC_PREPROCESSOR_DEFINITIONS = (
					"$(inherited)",
					"DEBUG=1",
				);
				GCC_WARN_64_TO_32_BIT_CONVERSION = YES;
				GCC_WARN_ABOUT_RETURN_TYPE = YES_ERROR;
				GCC_WARN_UNDECLARED_SELECTOR = YES;
				GCC_WARN_UNINITIALIZED_AUTOS = YES_AGGRESSIVE;
				GCC_WARN_UNUSED_FUNCTION = YES;
				GCC_WARN_UNUSED_VARIABLE = YES;
				IPHONEOS_DEPLOYMENT_TARGET = 17.0;
				MTL_ENABLE_DEBUG_INFO = INCLUDE_SOURCE;
				MTL_FAST_MATH = YES;
				ONLY_ACTIVE_ARCH = YES;
				PRODUCT_NAME = "$(TARGET_NAME)";
				SDKROOT = iphoneos;
				SWIFT_ACTIVE_COMPILATION_CONDITIONS = DEBUG;
				SWIFT_OPTIMIZATION_LEVEL = "-Onone";
				SWIFT_VERSION = 5.0;
				TARGETED_DEVICE_FAMILY = 1;
			};
			name = Debug;
		};
		951E3ABF4641775E37338406 /* Debug */ = {
			isa = XCBuildConfiguration;
			baseConfigurationReference = 52979BDC6A8FE1CC9E9D69B7 /* Pods-CoastWildUITests.debug.xcconfig */;
			buildSettings = {
				BUNDLE_LOADER = "$(TEST_HOST)";
				GENERATE_INFOPLIST_FILE = YES;
				LD_RUNPATH_SEARCH_PATHS = (
					"$(inherited)",
					"@executable_path/Frameworks",
					"@loader_path/Frameworks",
				);
				PRODUCT_BUNDLE_IDENTIFIER = com.coastwild.CoastWildUITests;
				SDKROOT = iphoneos;
				TARGETED_DEVICE_FAMILY = "1,2";
				TEST_TARGET_NAME = CoastWild;
			};
			name = Debug;
		};
		B4175BCF839B352713C42F65 /* Release */ = {
			isa = XCBuildConfiguration;
			baseConfigurationReference = B7E7DB35A617F2EE96B55C4C /* Pods-CoastWildUITests.release.xcconfig */;
			buildSettings = {
				BUNDLE_LOADER = "$(TEST_HOST)";
				GENERATE_INFOPLIST_FILE = YES;
				LD_RUNPATH_SEARCH_PATHS = (
					"$(inherited)",
					"@executable_path/Frameworks",
					"@loader_path/Frameworks",
				);
				PRODUCT_BUNDLE_IDENTIFIER = com.coastwild.CoastWildUITests;
				SDKROOT = iphoneos;
				TARGETED_DEVICE_FAMILY = "1,2";
				TEST_TARGET_NAME = CoastWild;
			};
			name = Release;
		};
/* End XCBuildConfiguration section */

/* Begin XCConfigurationList section */
		04FCE0277086FA7B90551BDB /* Build configuration list for PBXNativeTarget "CoastWildUITests" */ = {
			isa = XCConfigurationList;
			buildConfigurations = (
				951E3ABF4641775E37338406 /* Debug */,
				B4175BCF839B352713C42F65 /* Release */,
			);
			defaultConfigurationIsVisible = 0;
			defaultConfigurationName = Debug;
		};
		55CA575BFF59601957964689 /* Build configuration list for PBXNativeTarget "CoastWild" */ = {
			isa = XCConfigurationList;
			buildConfigurations = (
				20F47DEC2FA3AE30B15D3AC8 /* Debug */,
				567254AA8F379642F9583537 /* Release */,
			);
			defaultConfigurationIsVisible = 0;
			defaultConfigurationName = Debug;
		};
		867CC2B48D60F3D55294D7A4 /* Build configuration list for PBXProject "CoastWild" */ = {
			isa = XCConfigurationList;
			buildConfigurations = (
				7165087B596D1BC129C882DE /* Debug */,
				26964D580D1C9B99229D5FA0 /* Release */,
			);
			defaultConfigurationIsVisible = 0;
			defaultConfigurationName = Debug;
		};
/* End XCConfigurationList section */
	};
	rootObject = 32EEB6FB1EDD19938E29B94D /* Project object */;
}
